
Microsoft Visual Studio Solution File, Format Version 12.00
# Visual Studio Version 17
VisualStudioVersion = 17.2.32630.192
MinimumVisualStudioVersion = 10.0.40219.1
Project("{FAE04EC0-301F-11D3-BF4B-00C04F79EFBC}") = "21.08.2022 Hw04", "21.08.2022 Hw04\21.08.2022 Hw04.csproj", "{FCB5FBB2-6231-4764-82BA-FDDC8E3D10DB}"
EndProject
Global
	GlobalSection(SolutionConfigurationPlatforms) = preSolution
		Debug|Any CPU = Debug|Any CPU
		Release|Any CPU = Release|Any CPU
	EndGlobalSection
	GlobalSection(ProjectConfigurationPlatforms) = postSolution
		{FCB5FBB2-6231-4764-82BA-FDDC8E3D10DB}.Debug|Any CPU.ActiveCfg = Debug|Any CPU
		{FCB5FBB2-6231-4764-82BA-FDDC8E3D10DB}.Debug|Any CPU.Build.0 = Debug|Any CPU
		{FCB5FBB2-6231-4764-82BA-FDDC8E3D10DB}.Release|Any CPU.ActiveCfg = Release|Any CPU
		{FCB5FBB2-6231-4764-82BA-FDDC8E3D10DB}.Release|Any CPU.Build.0 = Release|Any CPU
	EndGlobalSection
	GlobalSection(SolutionProperties) = preSolution
		HideSolutionNode = FALSE
	EndGlobalSection
	GlobalSection(ExtensibilityGlobals) = postSolution
		SolutionGuid = {0453B8C4-8AB4-49E9-B600-FB1E153C4581}
	EndGlobalSection
EndGlobal
